// !$*UTF8*$!
{
	archiveVersion = 1;
	classes = {
	};
	objectVersion = 50;
	objects = {

/* Begin PBXBuildFile section */
		B6E8CD5E2265EDB5002380D1 /* AppDelegate.swift in Sources */ = {isa = PBXBuildFile; fileRef = B6E8CD5D2265EDB5002380D1 /* AppDelegate.swift */; };
		B6E8CD602265EDB5002380D1 /* ViewController.swift in Sources */ = {isa = PBXBuildFile; fileRef = B6E8CD5F2265EDB5002380D1 /* ViewController.swift */; };
		B6E8CD632265EDB5002380D1 /* Main.storyboard in Resources */ = {isa = PBXBuildFile; fileRef = B6E8CD612265EDB5002380D1 /* Main.storyboard */; };
		B6E8CD652265EDB6002380D1 /* Assets.xcassets in Resources */ = {isa = PBXBuildFile; fileRef = B6E8CD642265EDB6002380D1 /* Assets.xcassets */; };
		B6E8CD682265EDB6002380D1 /* LaunchScreen.storyboard in Resources */ = {isa = PBXBuildFile; fileRef = B6E8CD662265EDB6002380D1 /* LaunchScreen.storyboard */; };
		B6E8CD732265EDB7002380D1 /* GitUsersTests.swift in Sources */ = {isa = PBXBuildFile; fileRef = B6E8CD722265EDB7002380D1 /* GitUsersTests.swift */; };
		B6E8CD7E2265EDB7002380D1 /* GitUsersUITests.swift in Sources */ = {isa = PBXBuildFile; fileRef = B6E8CD7D2265EDB7002380D1 /* GitUsersUITests.swift */; };
/* End PBXBuildFile section */

/* Begin PBXContainerItemProxy section */
		B6E8CD6F2265EDB7002380D1 /* PBXContainerItemProxy */ = {
			isa = PBXContainerItemProxy;
			containerPortal = B6E8CD522265EDB5002380D1 /* Project object */;
			proxyType = 1;
			remoteGlobalIDString = B6E8CD592265EDB5002380D1;
			remoteInfo = GitUsers;
		};
		B6E8CD7A2265EDB7002380D1 /* PBXContainerItemProxy */ = {
			isa = PBXContainerItemProxy;
			containerPortal = B6E8CD522265EDB5002380D1 /* Project object */;
			proxyType = 1;
			remoteGlobalIDString = B6E8CD592265EDB5002380D1;
			remoteInfo = GitUsers;
		};
/* End PBXContainerItemProxy section */

/* Begin PBXFileReference section */
		B6E8CD5A2265EDB5002380D1 /* GitUsers.app */ = {isa = PBXFileReference; explicitFileType = wrapper.application; includeInIndex = 0; path = GitUsers.app; sourceTree = BUILT_PRODUCTS_DIR; };
		B6E8CD5D2265EDB5002380D1 /* AppDelegate.swift */ = {isa = PBXFileReference; lastKnownFileType = sourcecode.swift; path = AppDelegate.swift; sourceTree = "<group>"; };
		B6E8CD5F2265EDB5002380D1 /* ViewController.swift */ = {isa = PBXFileReference; lastKnownFileType = sourcecode.swift; path = ViewController.swift; sourceTree = "<group>"; };
		B6E8CD622265EDB5002380D1 /* Base */ = {isa = PBXFileReference; lastKnownFileType = file.storyboard; name = Base; path = Base.lproj/Main.storyboard; sourceTree = "<group>"; };
		B6E8CD642265EDB6002380D1 /* Assets.xcassets */ = {isa = PBXFileReference; lastKnownFileType = folder.assetcatalog; path = Assets.xcassets; sourceTree = "<group>"; };
		B6E8CD672265EDB6002380D1 /* Base */ = {isa = PBXFileReference; lastKnownFileType = file.storyboard; name = Base; path = Base.lproj/LaunchScreen.storyboard; sourceTree = "<group>"; };
		B6E8CD692265EDB6002380D1 /* Info.plist */ = {isa = PBXFileReference; lastKnownFileType = text.plist.xml; path = Info.plist; sourceTree = "<group>"; };
		B6E8CD6E2265EDB7002380D1 /* GitUsersTests.xctest */ = {isa = PBXFileReference; explicitFileType = wrapper.cfbundle; includeInIndex = 0; path = GitUsersTests.xctest; sourceTree = BUILT_PRODUCTS_DIR; };
		B6E8CD722265EDB7002380D1 /* GitUsersTests.swift */ = {isa = PBXFileReference; lastKnownFileType = sourcecode.swift; path = GitUsersTests.swift; sourceTree = "<group>"; };
		B6E8CD742265EDB7002380D1 /* Info.plist */ = {isa = PBXFileReference; lastKnownFileType = text.plist.xml; path = Info.plist; sourceTree = "<group>"; };
		B6E8CD792265EDB7002380D1 /* GitUsersUITests.xctest */ = {isa = PBXFileReference; explicitFileType = wrapper.cfbundle; includeInIndex = 0; path = GitUsersUITests.xctest; sourceTree = BUILT_PRODUCTS_DIR; };
		B6E8CD7D2265EDB7002380D1 /* GitUsersUITests.swift */ = {isa = PBXFileReference; lastKnownFileType = sourcecode.swift; path = GitUsersUITests.swift; sourceTree = "<group>"; };
		B6E8CD7F2265EDB7002380D1 /* Info.plist */ = {isa = PBXFileReference; lastKnownFileType = text.plist.xml; path = Info.plist; sourceTree = "<group>"; };
/* End PBXFileReference section */

/* Begin PBXFrameworksBuildPhase section */
		B6E8CD572265EDB5002380D1 /* Frameworks */ = {
			isa = PBXFrameworksBuildPhase;
			buildActionMask = 2147483647;
			files = (
			);
			runOnlyForDeploymentPostprocessing = 0;
		};
		B6E8CD6B2265EDB7002380D1 /* Frameworks */ = {
			isa = PBXFrameworksBuildPhase;
			buildActionMask = 2147483647;
			files = (
			);
			runOnlyForDeploymentPostprocessing = 0;
		};
		B6E8CD762265EDB7002380D1 /* Frameworks */ = {
			isa = PBXFrameworksBuildPhase;
			buildActionMask = 2147483647;
			files = (
			);
			runOnlyForDeploymentPostprocessing = 0;
		};
/* End PBXFrameworksBuildPhase section */

/* Begin PBXGroup section */
		B6E8CD512265EDB5002380D1 = {
			isa = PBXGroup;
			children = (
				B6E8CD5C2265EDB5002380D1 /* GitUsers */,
				B6E8CD712265EDB7002380D1 /* GitUsersTests */,
				B6E8CD7C2265EDB7002380D1 /* GitUsersUITests */,
				B6E8CD5B2265EDB5002380D1 /* Products */,
			);
			sourceTree = "<group>";
		};
		B6E8CD5B2265EDB5002380D1 /* Products */ = {
			isa = PBXGroup;
			children = (
				B6E8CD5A2265EDB5002380D1 /* GitUsers.app */,
				B6E8CD6E2265EDB7002380D1 /* GitUsersTests.xctest */,
				B6E8CD792265EDB7002380D1 /* GitUsersUITests.xctest */,
			);
			name = Products;
			sourceTree = "<group>";
		};
		B6E8CD5C2265EDB5002380D1 /* GitUsers */ = {
			isa = PBXGroup;
			children = (
				B6E8CD5D2265EDB5002380D1 /* AppDelegate.swift */,
				B6E8CD5F2265EDB5002380D1 /* ViewController.swift */,
				B6E8CD612265EDB5002380D1 /* Main.storyboard */,
				B6E8CD642265EDB6002380D1 /* Assets.xcassets */,
				B6E8CD662265EDB6002380D1 /* LaunchScreen.storyboard */,
				B6E8CD692265EDB6002380D1 /* Info.plist */,
			);
			path = GitUsers;
			sourceTree = "<group>";
		};
		B6E8CD712265EDB7002380D1 /* GitUsersTests */ = {
			isa = PBXGroup;
			children = (
				B6E8CD722265EDB7002380D1 /* GitUsersTests.swift */,
				B6E8CD742265EDB7002380D1 /* Info.plist */,
			);
			path = GitUsersTests;
			sourceTree = "<group>";
		};
		B6E8CD7C2265EDB7002380D1 /* GitUsersUITests */ = {
			isa = PBXGroup;
			children = (
				B6E8CD7D2265EDB7002380D1 /* GitUsersUITests.swift */,
				B6E8CD7F2265EDB7002380D1 /* Info.plist */,
			);
			path = GitUsersUITests;
			sourceTree = "<group>";
		};
/* End PBXGroup section */

/* Begin PBXNativeTarget section */
		B6E8CD592265EDB5002380D1 /* GitUsers */ = {
			isa = PBXNativeTarget;
			buildConfigurationList = B6E8CD822265EDB7002380D1 /* Build configuration list for PBXNativeTarget "GitUsers" */;
			buildPhases = (
				B6E8CD562265EDB5002380D1 /* Sources */,
				B6E8CD572265EDB5002380D1 /* Frameworks */,
				B6E8CD582265EDB5002380D1 /* Resources */,
			);
			buildRules = (
			);
			dependencies = (
			);
			name = GitUsers;
			productName = GitUsers;
			productReference = B6E8CD5A2265EDB5002380D1 /* GitUsers.app */;
			productType = "com.apple.product-type.application";
		};
		B6E8CD6D2265EDB7002380D1 /* GitUsersTests */ = {
			isa = PBXNativeTarget;
			buildConfigurationList = B6E8CD852265EDB7002380D1 /* Build configuration list for PBXNativeTarget "GitUsersTests" */;
			buildPhases = (
				B6E8CD6A2265EDB7002380D1 /* Sources */,
				B6E8CD6B2265EDB7002380D1 /* Frameworks */,
				B6E8CD6C2265EDB7002380D1 /* Resources */,
			);
			buildRules = (
			);
			dependencies = (
				B6E8CD702265EDB7002380D1 /* PBXTargetDependency */,
			);
			name = GitUsersTests;
			productName = GitUsersTests;
			productReference = B6E8CD6E2265EDB7002380D1 /* GitUsersTests.xctest */;
			productType = "com.apple.product-type.bundle.unit-test";
		};
		B6E8CD782265EDB7002380D1 /* GitUsersUITests */ = {
			isa = PBXNativeTarget;
			buildConfigurationList = B6E8CD882265EDB7002380D1 /* Build configuration list for PBXNativeTarget "GitUsersUITests" */;
			buildPhases = (
				B6E8CD752265EDB7002380D1 /* Sources */,
				B6E8CD762265EDB7002380D1 /* Frameworks */,
				B6E8CD772265EDB7002380D1 /* Resources */,
			);
			buildRules = (
			);
			dependencies = (
				B6E8CD7B2265EDB7002380D1 /* PBXTargetDependency */,
			);
			name = GitUsersUITests;
			productName = GitUsersUITests;
			productReference = B6E8CD792265EDB7002380D1 /* GitUsersUITests.xctest */;
			productType = "com.apple.product-type.bundle.ui-testing";
		};
/* End PBXNativeTarget section */

/* Begin PBXProject section */
		B6E8CD522265EDB5002380D1 /* Project object */ = {
			isa = PBXProject;
			attributes = {
				LastSwiftUpdateCheck = 1020;
				LastUpgradeCheck = 1020;
				ORGANIZATIONNAME = "Rufat A.A.";
				TargetAttributes = {
					B6E8CD592265EDB5002380D1 = {
						CreatedOnToolsVersion = 10.2;
					};
					B6E8CD6D2265EDB7002380D1 = {
						CreatedOnToolsVersion = 10.2;
						TestTargetID = B6E8CD592265EDB5002380D1;
					};
					B6E8CD782265EDB7002380D1 = {
						CreatedOnToolsVersion = 10.2;
						TestTargetID = B6E8CD592265EDB5002380D1;
					};
				};
			};
			buildConfigurationList = B6E8CD552265EDB5002380D1 /* Build configuration list for PBXProject "GitUsers" */;
			compatibilityVersion = "Xcode 9.3";
			developmentRegion = en;
			hasScannedForEncodings = 0;
			knownRegions = (
				en,
				Base,
			);
			mainGroup = B6E8CD512265EDB5002380D1;
			productRefGroup = B6E8CD5B2265EDB5002380D1 /* Products */;
			projectDirPath = "";
			projectRoot = "";
			targets = (
				B6E8CD592265EDB5002380D1 /* GitUsers */,
				B6E8CD6D2265EDB7002380D1 /* GitUsersTests */,
				B6E8CD782265EDB7002380D1 /* GitUsersUITests */,
			);
		};
/* End PBXProject section */

/* Begin PBXResourcesBuildPhase section */
		B6E8CD582265EDB5002380D1 /* Resources */ = {
			isa = PBXResourcesBuildPhase;
			buildActionMask = 2147483647;
			files = (
				B6E8CD682265EDB6002380D1 /* LaunchScreen.storyboard in Resources */,
				B6E8CD652265EDB6002380D1 /* Assets.xcassets in Resources */,
				B6E8CD632265EDB5002380D1 /* Main.storyboard in Resources */,
			);
			runOnlyForDeploymentPostprocessing = 0;
		};
		B6E8CD6C2265EDB7002380D1 /* Resources */ = {
			isa = PBXResourcesBuildPhase;
			buildActionMask = 2147483647;
			files = (
			);
			runOnlyForDeploymentPostprocessing = 0;
		};
		B6E8CD772265EDB7002380D1 /* Resources */ = {
			isa = PBXResourcesBuildPhase;
			buildActionMask = 2147483647;
			files = (
			);
			runOnlyForDeploymentPostprocessing = 0;
		};
/* End PBXResourcesBuildPhase section */

/* Begin PBXSourcesBuildPhase section */
		B6E8CD562265EDB5002380D1 /* Sources */ = {
			isa = PBXSourcesBuildPhase;
			buildActionMask = 2147483647;
			files = (
				B6E8CD602265EDB5002380D1 /* ViewController.swift in Sources */,
				B6E8CD5E2265EDB5002380D1 /* AppDelegate.swift in Sources */,
			);
			runOnlyForDeploymentPostprocessing = 0;
		};
		B6E8CD6A2265EDB7002380D1 /* Sources */ = {
			isa = PBXSourcesBuildPhase;
			buildActionMask = 2147483647;
			files = (
				B6E8CD732265EDB7002380D1 /* GitUsersTests.swift in Sources */,
			);
			runOnlyForDeploymentPostprocessing = 0;
		};
		B6E8CD752265EDB7002380D1 /* Sources */ = {
			isa = PBXSourcesBuildPhase;
			buildActionMask = 2147483647;
			files = (
				B6E8CD7E2265EDB7002380D1 /* GitUsersUITests.swift in Sources */,
			);
			runOnlyForDeploymentPostprocessing = 0;
		};
/* End PBXSourcesBuildPhase section */

/* Begin PBXTargetDependency section */
		B6E8CD702265EDB7002380D1 /* PBXTargetDependency */ = {
			isa = PBXTargetDependency;
			target = B6E8CD592265EDB5002380D1 /* GitUsers */;
			targetProxy = B6E8CD6F2265EDB7002380D1 /* PBXContainerItemProxy */;
		};
		B6E8CD7B2265EDB7002380D1 /* PBXTargetDependency */ = {
			isa = PBXTargetDependency;
			target = B6E8CD592265EDB5002380D1 /* GitUsers */;
			targetProxy = B6E8CD7A2265EDB7002380D1 /* PBXContainerItemProxy */;
		};
/* End PBXTargetDependency section */

/* Begin PBXVariantGroup section */
		B6E8CD612265EDB5002380D1 /* Main.storyboard */ = {
			isa = PBXVariantGroup;
			children = (
				B6E8CD622265EDB5002380D1 /* Base */,
			);
			name = Main.storyboard;
			sourceTree = "<group>";
		};
		B6E8CD662265EDB6002380D1 /* LaunchScreen.storyboard */ = {
			isa = PBXVariantGroup;
			children = (
				B6E8CD672265EDB6002380D1 /* Base */,
			);
			name = LaunchScreen.storyboard;
			sourceTree = "<group>";
		};
/* End PBXVariantGroup section */

/* Begin XCBuildConfiguration section */
		B6E8CD802265EDB7002380D1 /* Debug */ = {
			isa = XCBuildConfiguration;
			buildSettings = {
				ALWAYS_SEARCH_USER_PATHS = NO;
				CLANG_ANALYZER_NONNULL = YES;
				CLANG_ANALYZER_NUMBER_OBJECT_CONVERSION = YES_AGGRESSIVE;
				CLANG_CXX_LANGUAGE_STANDARD = "gnu++14";
				CLANG_CXX_LIBRARY = "libc++";
				CLANG_ENABLE_MODULES = YES;
				CLANG_ENABLE_OBJC_ARC = YES;
				CLANG_ENABLE_OBJC_WEAK = YES;
				CLANG_WARN_BLOCK_CAPTURE_AUTORELEASING = YES;
				CLANG_WARN_BOOL_CONVERSION = YES;
				CLANG_WARN_COMMA = YES;
				CLANG_WARN_CONSTANT_CONVERSION = YES;
				CLANG_WARN_DEPRECATED_OBJC_IMPLEMENTATIONS = YES;
				CLANG_WARN_DIRECT_OBJC_ISA_USAGE = YES_ERROR;
				CLANG_WARN_DOCUMENTATION_COMMENTS = YES;
				CLANG_WARN_EMPTY_BODY = YES;
				CLANG_WARN_ENUM_CONVERSION = YES;
				CLANG_WARN_INFINITE_RECURSION = YES;
				CLANG_WARN_INT_CONVERSION = YES;
				CLANG_WARN_NON_LITERAL_NULL_CONVERSION = YES;
				CLANG_WARN_OBJC_IMPLICIT_RETAIN_SELF = YES;
				CLANG_WARN_OBJC_LITERAL_CONVERSION = YES;
				CLANG_WARN_OBJC_ROOT_CLASS = YES_ERROR;
				CLANG_WARN_RANGE_LOOP_ANALYSIS = YES;
				CLANG_WARN_STRICT_PROTOTYPES = YES;
				CLANG_WARN_SUSPICIOUS_MOVE = YES;
				CLANG_WARN_UNGUARDED_AVAILABILITY = YES_AGGRESSIVE;
				CLANG_WARN_UNREACHABLE_CODE = YES;
				CLANG_WARN__DUPLICATE_METHOD_MATCH = YES;
				CODE_SIGN_IDENTITY = "iPhone Developer";
				COPY_PHASE_STRIP = NO;
				DEBUG_INFORMATION_FORMAT = dwarf;
				ENABLE_STRICT_OBJC_MSGSEND = YES;
				ENABLE_TESTABILITY = YES;
				GCC_C_LANGUAGE_STANDARD = gnu11;
				GCC_DYNAMIC_NO_PIC = NO;
				GCC_NO_COMMON_BLOCKS = YES;
				GCC_OPTIMIZATION_LEVEL = 0;
				GCC_PREPROCESSOR_DEFINITIONS = (
					"DEBUG=1",
					"$(inherited)",
				);
				GCC_WARN_64_TO_32_BIT_CONVERSION = YES;
				GCC_WARN_ABOUT_RETURN_TYPE = YES_ERROR;
				GCC_WARN_UNDECLARED_SELECTOR = YES;
				GCC_WARN_UNINITIALIZED_AUTOS = YES_AGGRESSIVE;
				GCC_WARN_UNUSED_FUNCTION = YES;
				GCC_WARN_UNUSED_VARIABLE = YES;
				IPHONEOS_DEPLOYMENT_TARGET = 12.2;
				MTL_ENABLE_DEBUG_INFO = INCLUDE_SOURCE;
				MTL_FAST_MATH = YES;
				ONLY_ACTIVE_ARCH = YES;
				SDKROOT = iphoneos;
				SWIFT_ACTIVE_COMPILATION_CONDITIONS = DEBUG;
				SWIFT_OPTIMIZATION_LEVEL = "-Onone";
			};
			name = Debug;
		};
		B6E8CD812265EDB7002380D1 /* Release */ = {
			isa = XCBuildConfiguration;
			buildSettings = {
				ALWAYS_SEARCH_USER_PATHS = NO;
				CLANG_ANALYZER_NONNULL = YES;
				CLANG_ANALYZER_NUMBER_OBJECT_CONVERSION = YES_AGGRESSIVE;
				CLANG_CXX_LANGUAGE_STANDARD = "gnu++14";
				CLANG_CXX_LIBRARY = "libc++";
				CLANG_ENABLE_MODULES = YES;
				CLANG_ENABLE_OBJC_ARC = YES;
				CLANG_ENABLE_OBJC_WEAK = YES;
				CLANG_WARN_BLOCK_CAPTURE_AUTORELEASING = YES;
				CLANG_WARN_BOOL_CONVERSION = YES;
				CLANG_WARN_COMMA = YES;
				CLANG_WARN_CONSTANT_CONVERSION = YES;
				CLANG_WARN_DEPRECATED_OBJC_IMPLEMENTATIONS = YES;
				CLANG_WARN_DIRECT_OBJC_ISA_USAGE = YES_ERROR;
				CLANG_WARN_DOCUMENTATION_COMMENTS = YES;
				CLANG_WARN_EMPTY_BODY = YES;
				CLANG_WARN_ENUM_CONVERSION = YES;
				CLANG_WARN_INFINITE_RECURSION = YES;
				CLANG_WARN_INT_CONVERSION = YES;
				CLANG_WARN_NON_LITERAL_NULL_CONVERSION = YES;
				CLANG_WARN_OBJC_IMPLICIT_RETAIN_SELF = YES;
				CLANG_WARN_OBJC_LITERAL_CONVERSION = YES;
				CLANG_WARN_OBJC_ROOT_CLASS = YES_ERROR;
				CLANG_WARN_RANGE_LOOP_ANALYSIS = YES;
				CLANG_WARN_STRICT_PROTOTYPES = YES;
				CLANG_WARN_SUSPICIOUS_MOVE = YES;
				CLANG_WARN_UNGUARDED_AVAILABILITY = YES_AGGRESSIVE;
				CLANG_WARN_UNREACHABLE_CODE = YES;
				CLANG_WARN__DUPLICATE_METHOD_MATCH = YES;
				CODE_SIGN_IDENTITY = "iPhone Developer";
				COPY_PHASE_STRIP = NO;
				DEBUG_INFORMATION_FORMAT = "dwarf-with-dsym";
				ENABLE_NS_ASSERTIONS = NO;
				ENABLE_STRICT_OBJC_MSGSEND = YES;
				GCC_C_LANGUAGE_STANDARD = gnu11;
				GCC_NO_COMMON_BLOCKS = YES;
				GCC_WARN_64_TO_32_BIT_CONVERSION = YES;
				GCC_WARN_ABOUT_RETURN_TYPE = YES_ERROR;
				GCC_WARN_UNDECLARED_SELECTOR = YES;
				GCC_WARN_UNINITIALIZED_AUTOS = YES_AGGRESSIVE;
				GCC_WARN_UNUSED_FUNCTION = YES;
				GCC_WARN_UNUSED_VARIABLE = YES;
				IPHONEOS_DEPLOYMENT_TARGET = 12.2;
				MTL_ENABLE_DEBUG_INFO = NO;
				MTL_FAST_MATH = YES;
				SDKROOT = iphoneos;
				SWIFT_COMPILATION_MODE = wholemodule;
				SWIFT_OPTIMIZATION_LEVEL = "-O";
				VALIDATE_PRODUCT = YES;
			};
			name = Release;
		};
		B6E8CD832265EDB7002380D1 /* Debug */ = {
			isa = XCBuildConfiguration;
			buildSettings = {
				ASSETCATALOG_COMPILER_APPICON_NAME = AppIcon;
				CODE_SIGN_STYLE = Automatic;
				INFOPLIST_FILE = GitUsers/Info.plist;
				LD_RUNPATH_SEARCH_PATHS = (
					"$(inherited)",
					"@executable_path/Frameworks",
				);
				PRODUCT_BUNDLE_IDENTIFIER = Home.GitUsers;
				PRODUCT_NAME = "$(TARGET_NAME)";
				SWIFT_VERSION = 5.0;
				TARGETED_DEVICE_FAMILY = "1,2";
			};
			name = Debug;
		};
		B6E8CD842265EDB7002380D1 /* Release */ = {
			isa = XCBuildConfiguration;
			buildSettings = {
				ASSETCATALOG_COMPILER_APPICON_NAME = AppIcon;
				CODE_SIGN_STYLE = Automatic;
				INFOPLIST_FILE = GitUsers/Info.plist;
				LD_RUNPATH_SEARCH_PATHS = (
					"$(inherited)",
					"@executable_path/Frameworks",
				);
				PRODUCT_BUNDLE_IDENTIFIER = Home.GitUsers;
				PRODUCT_NAME = "$(TARGET_NAME)";
				SWIFT_VERSION = 5.0;
				TARGETED_DEVICE_FAMILY = "1,2";
			};
			name = Release;
		};
		B6E8CD862265EDB7002380D1 /* Debug */ = {
			isa = XCBuildConfiguration;
			buildSettings = {
				ALWAYS_EMBED_SWIFT_STANDARD_LIBRARIES = YES;
				BUNDLE_LOADER = "$(TEST_HOST)";
				CODE_SIGN_STYLE = Automatic;
				INFOPLIST_FILE = GitUsersTests/Info.plist;
				LD_RUNPATH_SEARCH_PATHS = (
					"$(inherited)",
					"@executable_path/Frameworks",
					"@loader_path/Frameworks",
				);
				PRODUCT_BUNDLE_IDENTIFIER = Home.GitUsersTests;
				PRODUCT_NAME = "$(TARGET_NAME)";
				SWIFT_VERSION = 5.0;
				TARGETED_DEVICE_FAMILY = "1,2";
				TEST_HOST = "$(BUILT_PRODUCTS_DIR)/GitUsers.app/GitUsers";
			};
			name = Debug;
		};
		B6E8CD872265EDB7002380D1 /* Release */ = {
			isa = XCBuildConfiguration;
			buildSettings = {
				ALWAYS_EMBED_SWIFT_STANDARD_LIBRARIES = YES;
				BUNDLE_LOADER = "$(TEST_HOST)";
				CODE_SIGN_STYLE = Automatic;
				INFOPLIST_FILE = GitUsersTests/Info.plist;
				LD_RUNPATH_SEARCH_PATHS = (
					"$(inherited)",
					"@executable_path/Frameworks",
					"@loader_path/Frameworks",
				);
				PRODUCT_BUNDLE_IDENTIFIER = Home.GitUsersTests;
				PRODUCT_NAME = "$(TARGET_NAME)";
				SWIFT_VERSION = 5.0;
				TARGETED_DEVICE_FAMILY = "1,2";
				TEST_HOST = "$(BUILT_PRODUCTS_DIR)/GitUsers.app/GitUsers";
			};
			name = Release;
		};
		B6E8CD892265EDB7002380D1 /* Debug */ = {
			isa = XCBuildConfiguration;
			buildSettings = {
				ALWAYS_EMBED_SWIFT_STANDARD_LIBRARIES = YES;
				CODE_SIGN_STYLE = Automatic;
				INFOPLIST_FILE = GitUsersUITests/Info.plist;
				LD_RUNPATH_SEARCH_PATHS = (
					"$(inherited)",
					"@executable_path/Frameworks",
					"@loader_path/Frameworks",
				);
				PRODUCT_BUNDLE_IDENTIFIER = Home.GitUsersUITests;
				PRODUCT_NAME = "$(TARGET_NAME)";
				SWIFT_VERSION = 5.0;
				TARGETED_DEVICE_FAMILY = "1,2";
				TEST_TARGET_NAME = GitUsers;
			};
			name = Debug;
		};
		B6E8CD8A2265EDB7002380D1 /* Release */ = {
			isa = XCBuildConfiguration;
			buildSettings = {
				ALWAYS_EMBED_SWIFT_STANDARD_LIBRARIES = YES;
				CODE_SIGN_STYLE = Automatic;
				INFOPLIST_FILE = GitUsersUITests/Info.plist;
				LD_RUNPATH_SEARCH_PATHS = (
					"$(inherited)",
					"@executable_path/Frameworks",
					"@loader_path/Frameworks",
				);
				PRODUCT_BUNDLE_IDENTIFIER = Home.GitUsersUITests;
				PRODUCT_NAME = "$(TARGET_NAME)";
				SWIFT_VERSION = 5.0;
				TARGETED_DEVICE_FAMILY = "1,2";
				TEST_TARGET_NAME = GitUsers;
			};
			name = Release;
		};
/* End XCBuildConfiguration section */

/* Begin XCConfigurationList section */
		B6E8CD552265EDB5002380D1 /* Build configuration list for PBXProject "GitUsers" */ = {
			isa = XCConfigurationList;
			buildConfigurations = (
				B6E8CD802265EDB7002380D1 /* Debug */,
				B6E8CD812265EDB7002380D1 /* Release */,
			);
			defaultConfigurationIsVisible = 0;
			defaultConfigurationName = Release;
		};
		B6E8CD822265EDB7002380D1 /* Build configuration list for PBXNativeTarget "GitUsers" */ = {
			isa = XCConfigurationList;
			buildConfigurations = (
				B6E8CD832265EDB7002380D1 /* Debug */,
				B6E8CD842265EDB7002380D1 /* Release */,
			);
			defaultConfigurationIsVisible = 0;
			defaultConfigurationName = Release;
		};
		B6E8CD852265EDB7002380D1 /* Build configuration list for PBXNativeTarget "GitUsersTests" */ = {
			isa = XCConfigurationList;
			buildConfigurations = (
				B6E8CD862265EDB7002380D1 /* Debug */,
				B6E8CD872265EDB7002380D1 /* Release */,
			);
			defaultConfigurationIsVisible = 0;
			defaultConfigurationName = Release;
		};
		B6E8CD882265EDB7002380D1 /* Build configuration list for PBXNativeTarget "GitUsersUITests" */ = {
			isa = XCConfigurationList;
			buildConfigurations = (
				B6E8CD892265EDB7002380D1 /* Debug */,
				B6E8CD8A2265EDB7002380D1 /* Release */,
			);
			defaultConfigurationIsVisible = 0;
			defaultConfigurationName = Release;
		};
/* End XCConfigurationList section */
	};
	rootObject = B6E8CD522265EDB5002380D1 /* Project object */;
}
